{
  "lockfile_version": "1",
  "packages": {
    "actionlint@latest": {
      "last_modified": "2025-03-13T11:38:39Z",
      "resolved": "github:NixOS/nixpkgs/573c650e8a14b2faa0041645ab18aed7e60f0c9a#actionlint",
      "source": "devbox-search",
      "version": "1.7.7",
      "systems": {
        "aarch64-darwin": {
          "outputs": [
            {
              "name": "out",
              "path": "/nix/store/bfhlj1p9app1l704lsrnq9f4835vvsn6-actionlint-1.7.7",
              "default": true
            }
          ],
          "store_path": "/nix/store/bfhlj1p9app1l704lsrnq9f4835vvsn6-actionlint-1.7.7"
        },
        "aarch64-linux": {
          "outputs": [
            {
              "name": "out",
              "path": "/nix/store/6gmjnfs7n7djpmzxfgqvz6b3d062i40k-actionlint-1.7.7",
              "default": true
            }
          ],
          "store_path": "/nix/store/6gmjnfs7n7djpmzxfgqvz6b3d062i40k-actionlint-1.7.7"
        },
        "x86_64-darwin": {
          "outputs": [
            {
              "name": "out",
              "path": "/nix/store/g6j5xpk8l07hhj8r042qx0fv1vni9fnx-actionlint-1.7.7",
              "default": true
            }
          ],
          "store_path": "/nix/store/g6j5xpk8l07hhj8r042qx0fv1vni9fnx-actionlint-1.7.7"
        },
        "x86_64-linux": {
          "outputs": [
            {
              "name": "out",
              "path": "/nix/store/035hgpi3philn8x29bknnzbrzwpj7m9n-actionlint-1.7.7",
              "default": true
            }
          ],
          "store_path": "/nix/store/035hgpi3philn8x29bknnzbrzwpj7m9n-actionlint-1.7.7"
        }
      }
    },
    "chart-testing@latest": {
      "last_modified": "2025-04-10T20:20:34Z",
      "resolved": "github:NixOS/nixpkgs/d19cf9dfc633816a437204555afeb9e722386b76#chart-testing",
      "source": "devbox-search",
      "version": "3.12.0",
      "systems": {
        "aarch64-darwin": {
          "outputs": [
            {
              "name": "out",
              "path": "/nix/store/1cv90p7xbihqsigfw8sd8j0vxb7gnxal-chart-testing-3.12.0",
              "default": true
            }
          ],
          "store_path": "/nix/store/1cv90p7xbihqsigfw8sd8j0vxb7gnxal-chart-testing-3.12.0"
        },
        "aarch64-linux": {
          "outputs": [
            {
              "name": "out",
              "path": "/nix/store/zkvqq01i2knvnrvkbn96ckp6ihb6mgx3-chart-testing-3.12.0",
              "default": true
            }
          ],
          "store_path": "/nix/store/zkvqq01i2knvnrvkbn96ckp6ihb6mgx3-chart-testing-3.12.0"
        },
        "x86_64-darwin": {
          "outputs": [
            {
              "name": "out",
              "path": "/nix/store/i6nibc4ybj5c6yi296yy0fwp6jpiid3s-chart-testing-3.12.0",
              "default": true
            }
          ],
          "store_path": "/nix/store/i6nibc4ybj5c6yi296yy0fwp6jpiid3s-chart-testing-3.12.0"
        },
        "x86_64-linux": {
          "outputs": [
            {
              "name": "out",
              "path": "/nix/store/yap5xlfyx5l52nmya80hsnfnxrz36snx-chart-testing-3.12.0",
              "default": true
            }
          ],
          "store_path": "/nix/store/yap5xlfyx5l52nmya80hsnfnxrz36snx-chart-testing-3.12.0"
        }
      }
    },
    "envsubst@latest": {
      "last_modified": "2025-03-23T05:31:05Z",
      "resolved": "github:NixOS/nixpkgs/dd613136ee91f67e5dba3f3f41ac99ae89c5406b#envsubst",
      "source": "devbox-search",
      "version": "1.4.3",
      "systems": {
        "aarch64-darwin": {
          "outputs": [
            {
              "name": "out",
              "path": "/nix/store/pyq4c8gcjvpfwa8fch27mspzv611m2zn-envsubst-1.4.3",
              "default": true
            }
          ],
          "store_path": "/nix/store/pyq4c8gcjvpfwa8fch27mspzv611m2zn-envsubst-1.4.3"
        },
        "aarch64-linux": {
          "outputs": [
            {
              "name": "out",
              "path": "/nix/store/2ik7cq3z89rifq9kb03bd6bigw5ivvhi-envsubst-1.4.3",
              "default": true
            }
          ],
          "store_path": "/nix/store/2ik7cq3z89rifq9kb03bd6bigw5ivvhi-envsubst-1.4.3"
        },
        "x86_64-darwin": {
          "outputs": [
            {
              "name": "out",
              "path": "/nix/store/1kv0wdd1cpgcixhqcjl9pk426fin7r91-envsubst-1.4.3",
              "default": true
            }
          ],
          "store_path": "/nix/store/1kv0wdd1cpgcixhqcjl9pk426fin7r91-envsubst-1.4.3"
        },
        "x86_64-linux": {
          "outputs": [
            {
              "name": "out",
              "path": "/nix/store/r4lf6xkprdxsw2izx9ynjbp1lql682jw-envsubst-1.4.3",
              "default": true
            }
          ],
          "store_path": "/nix/store/r4lf6xkprdxsw2izx9ynjbp1lql682jw-envsubst-1.4.3"
        }
      }
    },
    "git@latest": {
      "last_modified": "2025-04-13T09:22:33Z",
      "resolved": "github:NixOS/nixpkgs/18dd725c29603f582cf1900e0d25f9f1063dbf11#git",
      "source": "devbox-search",
      "version": "2.48.1",
      "systems": {
        "aarch64-darwin": {
          "outputs": [
            {
              "name": "out",
              "path": "/nix/store/b3sci30zzzlj3rzj1y89cijnd6zcwapk-git-2.48.1",
              "default": true
            },
            {
              "name": "doc",
              "path": "/nix/store/086knqdw7fjgzczp0i6nad95s2v6jbya-git-2.48.1-doc"
            }
          ],
          "store_path": "/nix/store/b3sci30zzzlj3rzj1y89cijnd6zcwapk-git-2.48.1"
        },
        "aarch64-linux": {
          "outputs": [
            {
              "name": "out",
              "path": "/nix/store/pck1dr5jxrd5b8nmfasbn13z422jhcfm-git-2.48.1",
              "default": true
            },
            {
              "name": "debug",
              "path": "/nix/store/xqqsvzlilh843rm6knykyng81apapr33-git-2.48.1-debug"
            },
            {
              "name": "doc",
              "path": "/nix/store/485b32ys0s2dvjfisn7405ildmpqvfzk-git-2.48.1-doc"
            }
          ],
          "store_path": "/nix/store/pck1dr5jxrd5b8nmfasbn13z422jhcfm-git-2.48.1"
        },
        "x86_64-darwin": {
          "outputs": [
            {
              "name": "out",
              "path": "/nix/store/9qjzgsf9mvdp6sfd7xyzhgrahl2qhhp6-git-2.48.1",
              "default": true
            },
            {
              "name": "doc",
              "path": "/nix/store/cgv7qa0ix059ma9a0qac0bywfvl3k7k2-git-2.48.1-doc"
            }
          ],
          "store_path": "/nix/store/9qjzgsf9mvdp6sfd7xyzhgrahl2qhhp6-git-2.48.1"
        },
        "x86_64-linux": {
          "outputs": [
            {
              "name": "out",
              "path": "/nix/store/lqx2rv26sdndpa2vyy2vxsahj03km69z-git-2.48.1",
              "default": true
            },
            {
              "name": "doc",
              "path": "/nix/store/hjczhs1dm3hzij7mx5c91rkzqvkb89av-git-2.48.1-doc"
            },
            {
              "name": "debug",
              "path": "/nix/store/bk8xndavdnc2qgyvc6hcc8h29lk9jzqb-git-2.48.1-debug"
            }
          ],
          "store_path": "/nix/store/lqx2rv26sdndpa2vyy2vxsahj03km69z-git-2.48.1"
        }
      }
    },
    "github:NixOS/nixpkgs/nixpkgs-unstable": {
      "last_modified": "2025-04-13T09:22:33Z",
      "resolved": "github:NixOS/nixpkgs/18dd725c29603f582cf1900e0d25f9f1063dbf11?lastModified=1744536153&narHash=sha256-awS2zRgF4uTwrOKwwiJcByDzDOdo3Q1rPZbiHQg%2FN38%3D"
    },
    "go@latest": {
      "last_modified": "2025-03-23T05:31:05Z",
      "resolved": "github:NixOS/nixpkgs/dd613136ee91f67e5dba3f3f41ac99ae89c5406b#go",
      "source": "devbox-search",
      "version": "1.24.1",
      "systems": {
        "aarch64-darwin": {
          "outputs": [
            {
              "name": "out",
              "path": "/nix/store/ja4jxx60lh1qfqfl4z4p2rff56ia1c3c-go-1.24.1",
              "default": true
            }
          ],
          "store_path": "/nix/store/ja4jxx60lh1qfqfl4z4p2rff56ia1c3c-go-1.24.1"
        },
        "aarch64-linux": {
          "outputs": [
            {
              "name": "out",
              "path": "/nix/store/6zvrmsmdg7p8yw3vii20g40b4zsh6kjr-go-1.24.1",
              "default": true
            }
          ],
          "store_path": "/nix/store/6zvrmsmdg7p8yw3vii20g40b4zsh6kjr-go-1.24.1"
        },
        "x86_64-darwin": {
          "outputs": [
            {
              "name": "out",
              "path": "/nix/store/2bcic1xcha2k11djynr488v3pg0nnghr-go-1.24.1",
              "default": true
            }
          ],
          "store_path": "/nix/store/2bcic1xcha2k11djynr488v3pg0nnghr-go-1.24.1"
        },
        "x86_64-linux": {
          "outputs": [
            {
              "name": "out",
              "path": "/nix/store/g29rrn8qqlg4yjqv543ryrkimr7fk43h-go-1.24.1",
              "default": true
            }
          ],
          "store_path": "/nix/store/g29rrn8qqlg4yjqv543ryrkimr7fk43h-go-1.24.1"
        }
      }
    },
    "gojq@latest": {
      "last_modified": "2025-03-25T17:32:05Z",
      "resolved": "github:NixOS/nixpkgs/25d1b84f5c90632a623c48d83a2faf156451e6b1#gojq",
      "source": "devbox-search",
      "version": "0.12.17",
      "systems": {
        "aarch64-darwin": {
          "outputs": [
            {
              "name": "out",
              "path": "/nix/store/kykmlracfi8wq2czrlybwnplnl0ifjnw-gojq-0.12.17",
              "default": true
            }
          ],
          "store_path": "/nix/store/kykmlracfi8wq2czrlybwnplnl0ifjnw-gojq-0.12.17"
        },
        "aarch64-linux": {
          "outputs": [
            {
              "name": "out",
              "path": "/nix/store/8l1ccn2xf0z824khv3wwg5a1dydh1zjq-gojq-0.12.17",
              "default": true
            }
          ],
          "store_path": "/nix/store/8l1ccn2xf0z824khv3wwg5a1dydh1zjq-gojq-0.12.17"
        },
        "x86_64-darwin": {
          "outputs": [
            {
              "name": "out",
              "path": "/nix/store/a07wwbgh0xqmryzv5j367lhinln1p6i6-gojq-0.12.17",
              "default": true
            }
          ],
          "store_path": "/nix/store/a07wwbgh0xqmryzv5j367lhinln1p6i6-gojq-0.12.17"
        },
        "x86_64-linux": {
          "outputs": [
            {
              "name": "out",
              "path": "/nix/store/mg39pqgk4xi3fp91cyh134j40122cv6w-gojq-0.12.17",
              "default": true
            }
          ],
          "store_path": "/nix/store/mg39pqgk4xi3fp91cyh134j40122cv6w-gojq-0.12.17"
        }
      }
    },
    "golangci-lint@1.64.5": {
      "last_modified": "2025-02-23T09:42:26Z",
      "resolved": "github:NixOS/nixpkgs/2d068ae5c6516b2d04562de50a58c682540de9bf#golangci-lint",
      "source": "devbox-search",
      "version": "1.64.5",
      "systems": {
        "aarch64-darwin": {
          "outputs": [
            {
              "name": "out",
              "path": "/nix/store/8bfm5nzryn3hxnd79s7j6qzkm1h6pxqy-golangci-lint-1.64.5",
              "default": true
            }
          ],
          "store_path": "/nix/store/8bfm5nzryn3hxnd79s7j6qzkm1h6pxqy-golangci-lint-1.64.5"
        },
        "aarch64-linux": {
          "outputs": [
            {
              "name": "out",
              "path": "/nix/store/cmn4yiyf99kdjlw87sczf30ckpp84i1w-golangci-lint-1.64.5",
              "default": true
            }
          ],
          "store_path": "/nix/store/cmn4yiyf99kdjlw87sczf30ckpp84i1w-golangci-lint-1.64.5"
        },
        "x86_64-darwin": {
          "outputs": [
            {
              "name": "out",
              "path": "/nix/store/bcrp85xkdabziwslcgsls44mj8ngnqb6-golangci-lint-1.64.5",
              "default": true
            }
          ],
          "store_path": "/nix/store/bcrp85xkdabziwslcgsls44mj8ngnqb6-golangci-lint-1.64.5"
        },
        "x86_64-linux": {
          "outputs": [
            {
              "name": "out",
              "path": "/nix/store/n1100w7c48bcllxbrws5jd01lpvhx77q-golangci-lint-1.64.5",
              "default": true
            }
          ],
          "store_path": "/nix/store/n1100w7c48bcllxbrws5jd01lpvhx77q-golangci-lint-1.64.5"
        }
      }
    },
    "goreleaser@latest": {
      "last_modified": "2025-04-01T20:08:20Z",
      "resolved": "github:NixOS/nixpkgs/b9d43b3fe5152d1dc5783a2ba865b2a03388b741#goreleaser",
      "source": "devbox-search",
      "version": "2.8.2",
      "systems": {
        "aarch64-darwin": {
          "outputs": [
            {
              "name": "out",
              "path": "/nix/store/w6r11isfqvn9h1ng9rk608ac048a10q0-goreleaser-2.8.2",
              "default": true
            }
          ],
          "store_path": "/nix/store/w6r11isfqvn9h1ng9rk608ac048a10q0-goreleaser-2.8.2"
        },
        "aarch64-linux": {
          "outputs": [
            {
              "name": "out",
              "path": "/nix/store/5asx3z1phl19aqwviglcz01y0i4i7pzr-goreleaser-2.8.2",
              "default": true
            }
          ],
          "store_path": "/nix/store/5asx3z1phl19aqwviglcz01y0i4i7pzr-goreleaser-2.8.2"
        },
        "x86_64-darwin": {
          "outputs": [
            {
              "name": "out",
              "path": "/nix/store/f8i4wsv3kngavnkcvsdvl3r848g8lrrm-goreleaser-2.8.2",
              "default": true
            }
          ],
          "store_path": "/nix/store/f8i4wsv3kngavnkcvsdvl3r848g8lrrm-goreleaser-2.8.2"
        },
        "x86_64-linux": {
          "outputs": [
            {
              "name": "out",
              "path": "/nix/store/m5dqqaamds9dr9q37bxqgvs0w8jcklwf-goreleaser-2.8.2",
              "default": true
            }
          ],
          "store_path": "/nix/store/m5dqqaamds9dr9q37bxqgvs0w8jcklwf-goreleaser-2.8.2"
        }
      }
    },
    "gotestsum@latest": {
      "last_modified": "2025-04-05T00:48:53Z",
      "resolved": "github:NixOS/nixpkgs/250b695f41e0e2f5afbf15c6b12480de1fe0001b#gotestsum",
      "source": "devbox-search",
      "version": "1.12.0-unstable-2024-09-17",
      "systems": {
        "aarch64-darwin": {
          "outputs": [
            {
              "name": "out",
              "path": "/nix/store/93kwis02c81bwh382s1vdmsqp7s886fl-gotestsum-1.12.0-unstable-2024-09-17",
              "default": true
            }
          ],
          "store_path": "/nix/store/93kwis02c81bwh382s1vdmsqp7s886fl-gotestsum-1.12.0-unstable-2024-09-17"
        },
        "aarch64-linux": {
          "outputs": [
            {
              "name": "out",
              "path": "/nix/store/hmil65sxh60c0mx2f1b41b883dmni5x9-gotestsum-1.12.0-unstable-2024-09-17",
              "default": true
            }
          ],
          "store_path": "/nix/store/hmil65sxh60c0mx2f1b41b883dmni5x9-gotestsum-1.12.0-unstable-2024-09-17"
        },
        "x86_64-darwin": {
          "outputs": [
            {
              "name": "out",
              "path": "/nix/store/1gj7gmd3jsxcn8sxa2zac13f7mh4frx4-gotestsum-1.12.0-unstable-2024-09-17",
              "default": true
            }
          ],
          "store_path": "/nix/store/1gj7gmd3jsxcn8sxa2zac13f7mh4frx4-gotestsum-1.12.0-unstable-2024-09-17"
        },
        "x86_64-linux": {
          "outputs": [
            {
              "name": "out",
              "path": "/nix/store/5iq2g0zd9xiss7px89mdha3qlcws0cl4-gotestsum-1.12.0-unstable-2024-09-17",
              "default": true
            }
          ],
          "store_path": "/nix/store/5iq2g0zd9xiss7px89mdha3qlcws0cl4-gotestsum-1.12.0-unstable-2024-09-17"
        }
      }
    },
    "kind@latest": {
      "last_modified": "2025-03-23T05:31:05Z",
      "resolved": "github:NixOS/nixpkgs/dd613136ee91f67e5dba3f3f41ac99ae89c5406b#kind",
      "source": "devbox-search",
      "version": "0.27.0",
      "systems": {
        "aarch64-darwin": {
          "outputs": [
            {
              "name": "out",
              "path": "/nix/store/4a41v4iyxw1cbi9jjcqz9sga7ghmfs3x-kind-0.27.0",
              "default": true
            }
          ],
          "store_path": "/nix/store/4a41v4iyxw1cbi9jjcqz9sga7ghmfs3x-kind-0.27.0"
        },
        "aarch64-linux": {
          "outputs": [
            {
              "name": "out",
              "path": "/nix/store/mn4lxpp4ljwmdbxxf2vsir0qynxknmir-kind-0.27.0",
              "default": true
            }
          ],
          "store_path": "/nix/store/mn4lxpp4ljwmdbxxf2vsir0qynxknmir-kind-0.27.0"
        },
        "x86_64-darwin": {
          "outputs": [
            {
              "name": "out",
              "path": "/nix/store/s3q5xzg0hhbi23l424gwm91823qawlhz-kind-0.27.0",
              "default": true
            }
          ],
          "store_path": "/nix/store/s3q5xzg0hhbi23l424gwm91823qawlhz-kind-0.27.0"
        },
        "x86_64-linux": {
          "outputs": [
            {
              "name": "out",
              "path": "/nix/store/dam02bb33zcl468fz2dldiz4r33jli3x-kind-0.27.0",
              "default": true
            }
          ],
          "store_path": "/nix/store/dam02bb33zcl468fz2dldiz4r33jli3x-kind-0.27.0"
        }
      }
    },
    "ko@latest": {
      "last_modified": "2025-04-02T04:26:43Z",
      "resolved": "github:NixOS/nixpkgs/b7ba7f9f45c5cd0d8625e9e217c28f8eb6a19a76#ko",
      "source": "devbox-search",
      "version": "0.17.1",
      "systems": {
        "aarch64-darwin": {
          "outputs": [
            {
              "name": "out",
              "path": "/nix/store/h186jbqpfn0g59n7x9kyza6zcf4ywzh9-ko-0.17.1",
              "default": true
            }
          ],
          "store_path": "/nix/store/h186jbqpfn0g59n7x9kyza6zcf4ywzh9-ko-0.17.1"
        },
        "aarch64-linux": {
          "outputs": [
            {
              "name": "out",
              "path": "/nix/store/8y4y6q15f82x9lww399np5gilsblwr2i-ko-0.17.1",
              "default": true
            }
          ],
          "store_path": "/nix/store/8y4y6q15f82x9lww399np5gilsblwr2i-ko-0.17.1"
        },
        "x86_64-darwin": {
          "outputs": [
            {
              "name": "out",
              "path": "/nix/store/zmigwvsdw2lnj8xzw9pk4szrs4cy0cb5-ko-0.17.1",
              "default": true
            }
          ],
          "store_path": "/nix/store/zmigwvsdw2lnj8xzw9pk4szrs4cy0cb5-ko-0.17.1"
        },
        "x86_64-linux": {
          "outputs": [
            {
              "name": "out",
              "path": "/nix/store/hdd0bhkf61jxpv46ggs462f219xpn8sz-ko-0.17.1",
              "default": true
            }
          ],
          "store_path": "/nix/store/hdd0bhkf61jxpv46ggs462f219xpn8sz-ko-0.17.1"
        }
      }
    },
    "kubebuilder@latest": {
      "last_modified": "2025-03-11T17:52:14Z",
      "resolved": "github:NixOS/nixpkgs/0d534853a55b5d02a4ababa1d71921ce8f0aee4c#kubebuilder",
      "source": "devbox-search",
      "version": "4.5.1",
      "systems": {
        "aarch64-darwin": {
          "outputs": [
            {
              "name": "out",
              "path": "/nix/store/nbzbhwlf9nr6k7x5mbqni4sr0c687fd2-kubebuilder-4.5.1",
              "default": true
            }
          ],
          "store_path": "/nix/store/nbzbhwlf9nr6k7x5mbqni4sr0c687fd2-kubebuilder-4.5.1"
        },
        "aarch64-linux": {
          "outputs": [
            {
              "name": "out",
              "path": "/nix/store/jg1fynnwjcskhr48rdqnvw3m895vksnn-kubebuilder-4.5.1",
              "default": true
            }
          ],
          "store_path": "/nix/store/jg1fynnwjcskhr48rdqnvw3m895vksnn-kubebuilder-4.5.1"
        },
        "x86_64-darwin": {
          "outputs": [
            {
              "name": "out",
              "path": "/nix/store/sjr1p9dm2pmr5w1gxc64pgj0pg4355sh-kubebuilder-4.5.1",
              "default": true
            }
          ],
          "store_path": "/nix/store/sjr1p9dm2pmr5w1gxc64pgj0pg4355sh-kubebuilder-4.5.1"
        },
        "x86_64-linux": {
          "outputs": [
            {
              "name": "out",
              "path": "/nix/store/sfphssv49r5v8d7nqqixpjcagwhh48h6-kubebuilder-4.5.1",
              "default": true
            }
          ],
          "store_path": "/nix/store/sfphssv49r5v8d7nqqixpjcagwhh48h6-kubebuilder-4.5.1"
        }
      }
    },
    "kubectl@latest": {
      "last_modified": "2025-03-23T05:31:05Z",
      "resolved": "github:NixOS/nixpkgs/dd613136ee91f67e5dba3f3f41ac99ae89c5406b#kubectl",
      "source": "devbox-search",
      "version": "1.32.3",
      "systems": {
        "aarch64-darwin": {
          "outputs": [
            {
              "name": "out",
              "path": "/nix/store/wi5qn5xlirnjzva70km0z5ks6i33hz9j-kubectl-1.32.3",
              "default": true
            },
            {
              "name": "man",
              "path": "/nix/store/aq8zfxz4q27wd3yfvhg195xnhqz0sadv-kubectl-1.32.3-man",
              "default": true
            },
            {
              "name": "convert",
              "path": "/nix/store/syijh55f8qy0ncx0drs4adxzgglx3y43-kubectl-1.32.3-convert"
            }
          ],
          "store_path": "/nix/store/wi5qn5xlirnjzva70km0z5ks6i33hz9j-kubectl-1.32.3"
        },
        "aarch64-linux": {
          "outputs": [
            {
              "name": "out",
              "path": "/nix/store/xxngczzyxq22m1i8pc9a57w16kzir33f-kubectl-1.32.3",
              "default": true
            },
            {
              "name": "man",
              "path": "/nix/store/n547iajzrqypmy89s5j2iyrdjn56fd5v-kubectl-1.32.3-man",
              "default": true
            },
            {
              "name": "convert",
              "path": "/nix/store/0frwvbmd2zxx2n1s7vw15cbdj7iw95js-kubectl-1.32.3-convert"
            }
          ],
          "store_path": "/nix/store/xxngczzyxq22m1i8pc9a57w16kzir33f-kubectl-1.32.3"
        },
        "x86_64-darwin": {
          "outputs": [
            {
              "name": "out",
              "path": "/nix/store/1q5hp8ffvjfx9badhfq0b7vcaz63fphg-kubectl-1.32.3",
              "default": true
            },
            {
              "name": "man",
              "path": "/nix/store/asq72wx432y362wflqhlg1c231g5svzc-kubectl-1.32.3-man",
              "default": true
            },
            {
              "name": "convert",
              "path": "/nix/store/6bqfs8a1sw4jvx9wadd5231fnr9yjdnh-kubectl-1.32.3-convert"
            }
          ],
          "store_path": "/nix/store/1q5hp8ffvjfx9badhfq0b7vcaz63fphg-kubectl-1.32.3"
        },
        "x86_64-linux": {
          "outputs": [
            {
              "name": "out",
              "path": "/nix/store/yaqxnlxynfil1c6lvxfrnmh06yfqarn8-kubectl-1.32.3",
              "default": true
            },
            {
              "name": "man",
              "path": "/nix/store/xdh1fr0b4dnladi7dwa0q2vwf878g9qd-kubectl-1.32.3-man",
              "default": true
            },
            {
              "name": "convert",
              "path": "/nix/store/5x3bhl684w2lmpg7k5dl8rz1408ci32g-kubectl-1.32.3-convert"
            }
          ],
          "store_path": "/nix/store/yaqxnlxynfil1c6lvxfrnmh06yfqarn8-kubectl-1.32.3"
        }
      }
    },
    "kubernetes-controller-tools@latest": {
      "last_modified": "2025-04-02T04:26:43Z",
      "resolved": "github:NixOS/nixpkgs/b7ba7f9f45c5cd0d8625e9e217c28f8eb6a19a76#kubernetes-controller-tools",
      "source": "devbox-search",
      "version": "0.17.3",
      "systems": {
        "aarch64-darwin": {
          "outputs": [
            {
              "name": "out",
              "path": "/nix/store/4maw883papi63baw5cy1fqjxp2bz7r1b-controller-tools-0.17.3",
              "default": true
            }
          ],
          "store_path": "/nix/store/4maw883papi63baw5cy1fqjxp2bz7r1b-controller-tools-0.17.3"
        },
        "aarch64-linux": {
          "outputs": [
            {
              "name": "out",
              "path": "/nix/store/y59chblyxy8a375hi8vc1ds2fg6d30v4-controller-tools-0.17.3",
              "default": true
            }
          ],
          "store_path": "/nix/store/y59chblyxy8a375hi8vc1ds2fg6d30v4-controller-tools-0.17.3"
        },
        "x86_64-darwin": {
          "outputs": [
            {
              "name": "out",
              "path": "/nix/store/hcjiv1bi9dx6rvcvjvwi7b1vpsbmhksm-controller-tools-0.17.3",
              "default": true
            }
          ],
          "store_path": "/nix/store/hcjiv1bi9dx6rvcvjvwi7b1vpsbmhksm-controller-tools-0.17.3"
        },
        "x86_64-linux": {
          "outputs": [
            {
              "name": "out",
              "path": "/nix/store/27y94p6r6f1rcl0kf2jzryl7bxidq4v0-controller-tools-0.17.3",
              "default": true
            }
          ],
          "store_path": "/nix/store/27y94p6r6f1rcl0kf2jzryl7bxidq4v0-controller-tools-0.17.3"
        }
      }
    },
    "kustomize@latest": {
      "last_modified": "2025-03-23T05:31:05Z",
      "resolved": "github:NixOS/nixpkgs/dd613136ee91f67e5dba3f3f41ac99ae89c5406b#kustomize",
      "source": "devbox-search",
      "version": "5.6.0",
      "systems": {
        "aarch64-darwin": {
          "outputs": [
            {
              "name": "out",
              "path": "/nix/store/v796z9mavxnc8n7zfjsdxq4an53ix1jk-kustomize-5.6.0",
              "default": true
            }
          ],
          "store_path": "/nix/store/v796z9mavxnc8n7zfjsdxq4an53ix1jk-kustomize-5.6.0"
        },
        "aarch64-linux": {
          "outputs": [
            {
              "name": "out",
              "path": "/nix/store/xa8s3a4fafwl36a5kb2xwwph8w36rw6y-kustomize-5.6.0",
              "default": true
            }
          ],
          "store_path": "/nix/store/xa8s3a4fafwl36a5kb2xwwph8w36rw6y-kustomize-5.6.0"
        },
        "x86_64-darwin": {
          "outputs": [
            {
              "name": "out",
              "path": "/nix/store/rg8hri8d2q0p5d3aix7nb26nlsdrn60q-kustomize-5.6.0",
              "default": true
            }
          ],
          "store_path": "/nix/store/rg8hri8d2q0p5d3aix7nb26nlsdrn60q-kustomize-5.6.0"
        },
        "x86_64-linux": {
          "outputs": [
            {
              "name": "out",
              "path": "/nix/store/9r4iwrwsh5l5jy7qs21dxq1g71vax77b-kustomize-5.6.0",
              "default": true
            }
          ],
          "store_path": "/nix/store/9r4iwrwsh5l5jy7qs21dxq1g71vax77b-kustomize-5.6.0"
        }
      }
    },
    "pre-commit@latest": {
      "last_modified": "2025-04-12T15:53:49Z",
      "resolved": "github:NixOS/nixpkgs/52d0eded529af34e91df6b2a2bc32eb636637cd2#pre-commit",
      "source": "devbox-search",
      "version": "4.0.1",
      "systems": {
        "aarch64-darwin": {
          "outputs": [
            {
              "name": "out",
              "path": "/nix/store/4dz8x71gmbagvzzbz336dqjwdbr1izic-pre-commit-4.0.1",
              "default": true
            },
            {
              "name": "dist",
              "path": "/nix/store/6myipd2b1wgn0afx9g9la7i0vadzxjx4-pre-commit-4.0.1-dist"
            }
          ],
          "store_path": "/nix/store/4dz8x71gmbagvzzbz336dqjwdbr1izic-pre-commit-4.0.1"
        },
        "aarch64-linux": {
          "outputs": [
            {
              "name": "out",
              "path": "/nix/store/09s40i8ffhwpslya7fn7ixamr5mqj901-pre-commit-4.0.1",
              "default": true
            },
            {
              "name": "dist",
              "path": "/nix/store/2lsa610w8ckvw6s46mn3ihkdngjh7q33-pre-commit-4.0.1-dist"
            }
          ],
          "store_path": "/nix/store/09s40i8ffhwpslya7fn7ixamr5mqj901-pre-commit-4.0.1"
        },
        "x86_64-darwin": {
          "outputs": [
            {
              "name": "out",
              "path": "/nix/store/bmc1ia5c2vm5dd56s0123adn096g6amc-pre-commit-4.0.1",
              "default": true
            },
            {
              "name": "dist",
              "path": "/nix/store/9zyngsixvlg1ncw0690wsc93150n6x29-pre-commit-4.0.1-dist"
            }
          ],
          "store_path": "/nix/store/bmc1ia5c2vm5dd56s0123adn096g6amc-pre-commit-4.0.1"
        },
        "x86_64-linux": {
          "outputs": [
            {
              "name": "out",
              "path": "/nix/store/ym281lpaz32pfn6b2iyh579gkrnp9blh-pre-commit-4.0.1",
              "default": true
            },
            {
              "name": "dist",
              "path": "/nix/store/v3fi66mzifgvxljwny0rx8xxr6ajyz53-pre-commit-4.0.1-dist"
            }
          ],
          "store_path": "/nix/store/ym281lpaz32pfn6b2iyh579gkrnp9blh-pre-commit-4.0.1"
        }
      }
    },
    "setup-envtest@latest": {
      "last_modified": "2025-03-11T17:52:14Z",
      "resolved": "github:NixOS/nixpkgs/0d534853a55b5d02a4ababa1d71921ce8f0aee4c#setup-envtest",
      "source": "devbox-search",
      "version": "0.19.0",
      "systems": {
        "aarch64-darwin": {
          "outputs": [
            {
              "name": "out",
              "path": "/nix/store/74ng58qfa2jg874f3qwnx2858jgsj0ll-setup-envtest-0.19.0",
              "default": true
            }
          ],
          "store_path": "/nix/store/74ng58qfa2jg874f3qwnx2858jgsj0ll-setup-envtest-0.19.0"
        },
        "aarch64-linux": {
          "outputs": [
            {
              "name": "out",
              "path": "/nix/store/gnkisc3ijc5bgvhg71myjgqhw8f8g119-setup-envtest-0.19.0",
              "default": true
            }
          ],
          "store_path": "/nix/store/gnkisc3ijc5bgvhg71myjgqhw8f8g119-setup-envtest-0.19.0"
        },
        "x86_64-darwin": {
          "outputs": [
            {
              "name": "out",
              "path": "/nix/store/xc41frrh8ghn0ylrxmkipmkam2bg6pqw-setup-envtest-0.19.0",
              "default": true
            }
          ],
          "store_path": "/nix/store/xc41frrh8ghn0ylrxmkipmkam2bg6pqw-setup-envtest-0.19.0"
        },
        "x86_64-linux": {
          "outputs": [
            {
              "name": "out",
              "path": "/nix/store/9jwzbmdpjg9fnj1ya53iffpb5xs7knd1-setup-envtest-0.19.0",
              "default": true
            }
          ],
          "store_path": "/nix/store/9jwzbmdpjg9fnj1ya53iffpb5xs7knd1-setup-envtest-0.19.0"
        }
      }
    },
    "shellcheck@latest": {
      "last_modified": "2025-03-11T17:52:14Z",
      "resolved": "github:NixOS/nixpkgs/0d534853a55b5d02a4ababa1d71921ce8f0aee4c#shellcheck",
      "source": "devbox-search",
      "version": "0.10.0",
      "systems": {
        "aarch64-darwin": {
          "outputs": [
            {
              "name": "bin",
              "path": "/nix/store/325gxaqj2jf8is7bl9l76xrg4lshm72f-shellcheck-0.10.0-bin",
              "default": true
            },
            {
              "name": "man",
              "path": "/nix/store/g62azyf0p9xj0d9j90dr7yhasbdnm7dk-shellcheck-0.10.0-man",
              "default": true
            },
            {
              "name": "doc",
              "path": "/nix/store/rjln13sbb4g1i6izlymwdj0ns5mlkdk9-shellcheck-0.10.0-doc",
              "default": true
            },
            {
              "name": "out",
              "path": "/nix/store/ch4cq7jdr08fm5anfwj9jr559v8lq5i2-shellcheck-0.10.0"
            }
          ],
          "store_path": "/nix/store/325gxaqj2jf8is7bl9l76xrg4lshm72f-shellcheck-0.10.0-bin"
        },
        "aarch64-linux": {
          "outputs": [
            {
              "name": "bin",
              "path": "/nix/store/8dms6gifrl0nxsmyw8nqvaih76wpg8g9-shellcheck-0.10.0-bin",
              "default": true
            },
            {
              "name": "man",
              "path": "/nix/store/rjsxjaw71a8wlzr1l1d5943mra0ai4k4-shellcheck-0.10.0-man",
              "default": true
            },
            {
              "name": "doc",
              "path": "/nix/store/y7wnhqz65ysb5lgqmlpn23r7wzlf640y-shellcheck-0.10.0-doc",
              "default": true
            },
            {
              "name": "out",
              "path": "/nix/store/qrbaajgcd7a2i4ihrzyg6x4wzlybbri6-shellcheck-0.10.0"
            }
          ],
          "store_path": "/nix/store/8dms6gifrl0nxsmyw8nqvaih76wpg8g9-shellcheck-0.10.0-bin"
        },
        "x86_64-darwin": {
          "outputs": [
            {
              "name": "bin",
              "path": "/nix/store/k17i8v7crc5hv7lzi490hjg40rc1xmvz-shellcheck-0.10.0-bin",
              "default": true
            },
            {
              "name": "man",
              "path": "/nix/store/cim6ifqys4d38wqx71gkiw9s7wm3m0vh-shellcheck-0.10.0-man",
              "default": true
            },
            {
              "name": "doc",
              "path": "/nix/store/hc649lnlbbwzy50kg81ib3h0bwadv70w-shellcheck-0.10.0-doc",
              "default": true
            },
            {
              "name": "out",
              "path": "/nix/store/vxih59dn7w40cny8v5r28ca5g8kmahvl-shellcheck-0.10.0"
            }
          ],
          "store_path": "/nix/store/k17i8v7crc5hv7lzi490hjg40rc1xmvz-shellcheck-0.10.0-bin"
        },
        "x86_64-linux": {
          "outputs": [
            {
              "name": "bin",
              "path": "/nix/store/9fpjy43dvmhrzdvf6djvfdj76c7xpvmi-shellcheck-0.10.0-bin",
              "default": true
            },
            {
              "name": "man",
              "path": "/nix/store/k6zkrm60hyxm7rvqp91761m2ksx0d1p8-shellcheck-0.10.0-man",
              "default": true
            },
            {
              "name": "doc",
              "path": "/nix/store/bwqhilfkvfayf8269lmfn6077gkrwg3z-shellcheck-0.10.0-doc",
              "default": true
            },
            {
              "name": "out",
              "path": "/nix/store/xf4c1r7dahlnwl3d9mww2c339is3rrqc-shellcheck-0.10.0"
            }
          ],
          "store_path": "/nix/store/9fpjy43dvmhrzdvf6djvfdj76c7xpvmi-shellcheck-0.10.0-bin"
        }
      }
    },
    "shfmt@latest": {
      "last_modified": "2025-03-11T17:52:14Z",
      "resolved": "github:NixOS/nixpkgs/0d534853a55b5d02a4ababa1d71921ce8f0aee4c#shfmt",
      "source": "devbox-search",
      "version": "3.11.0",
      "systems": {
        "aarch64-darwin": {
          "outputs": [
            {
              "name": "out",
              "path": "/nix/store/dpz2228wk87vdskpbq8v5mj3mhccmkyj-shfmt-3.11.0",
              "default": true
            }
          ],
          "store_path": "/nix/store/dpz2228wk87vdskpbq8v5mj3mhccmkyj-shfmt-3.11.0"
        },
        "aarch64-linux": {
          "outputs": [
            {
              "name": "out",
              "path": "/nix/store/s7qsx4qrmhbigw4q49a6cjlgzgzhlxnk-shfmt-3.11.0",
              "default": true
            }
          ],
          "store_path": "/nix/store/s7qsx4qrmhbigw4q49a6cjlgzgzhlxnk-shfmt-3.11.0"
        },
        "x86_64-darwin": {
          "outputs": [
            {
              "name": "out",
              "path": "/nix/store/rs9sb1zsp3myi5v54hcr6cd43y0s1gs0-shfmt-3.11.0",
              "default": true
            }
          ],
          "store_path": "/nix/store/rs9sb1zsp3myi5v54hcr6cd43y0s1gs0-shfmt-3.11.0"
        },
        "x86_64-linux": {
          "outputs": [
            {
              "name": "out",
              "path": "/nix/store/vbmfndxpvgxryk8byym2wvmgpxpssp0a-shfmt-3.11.0",
              "default": true
            }
          ],
          "store_path": "/nix/store/vbmfndxpvgxryk8byym2wvmgpxpssp0a-shfmt-3.11.0"
        }
      }
    }
  }
}
